// !$*UTF8*$!
{
	archiveVersion = 1;
	classes = {
	};
	objectVersion = 50;
	objects = {

/* Begin PBXBuildFile section */
		F95E43DD243B21D200C216A8 /* AppDelegate.swift in Sources */ = {isa = PBXBuildFile; fileRef = F95E43DC243B21D200C216A8 /* AppDelegate.swift */; };
		F95E43DF243B21D200C216A8 /* AmazonRealInventoryManagement.swift in Sources */ = {isa = PBXBuildFile; fileRef = F95E43DE243B21D200C216A8 /* AmazonRealInventoryManagement.swift */; };
		F95E43E2243B21D200C216A8 /* AmazonRealInventoryManagement.xcdatamodeld in Sources */ = {isa = PBXBuildFile; fileRef = F95E43E0243B21D200C216A8 /* AmazonRealInventoryManagement.xcdatamodeld */; };
		F95E43E4243B21D600C216A8 /* Assets.xcassets in Resources */ = {isa = PBXBuildFile; fileRef = F95E43E3243B21D600C216A8 /* Assets.xcassets */; };
		F95E43E7243B21D600C216A8 /* Main.storyboard in Resources */ = {isa = PBXBuildFile; fileRef = F95E43E5243B21D600C216A8 /* Main.storyboard */; };
		F962B9AB243B5D3C00E826F2 /* Inventory.swift in Sources */ = {isa = PBXBuildFile; fileRef = F962B9AA243B5D3C00E826F2 /* Inventory.swift */; };
/* End PBXBuildFile section */

/* Begin PBXFileReference section */
		F95E43D9243B21D200C216A8 /* AmazonRealInventoryManagement.app */ = {isa = PBXFileReference; explicitFileType = wrapper.application; includeInIndex = 0; path = AmazonRealInventoryManagement.app; sourceTree = BUILT_PRODUCTS_DIR; };
		F95E43DC243B21D200C216A8 /* AppDelegate.swift */ = {isa = PBXFileReference; lastKnownFileType = sourcecode.swift; path = AppDelegate.swift; sourceTree = "<group>"; };
		F95E43DE243B21D200C216A8 /* AmazonRealInventoryManagement.swift */ = {isa = PBXFileReference; lastKnownFileType = sourcecode.swift; path = AmazonRealInventoryManagement.swift; sourceTree = "<group>"; };
		F95E43E1243B21D200C216A8 /* AmazonRealInventoryManagement.xcdatamodel */ = {isa = PBXFileReference; lastKnownFileType = wrapper.xcdatamodel; path = AmazonRealInventoryManagement.xcdatamodel; sourceTree = "<group>"; };
		F95E43E3243B21D600C216A8 /* Assets.xcassets */ = {isa = PBXFileReference; lastKnownFileType = folder.assetcatalog; path = Assets.xcassets; sourceTree = "<group>"; };
		F95E43E6243B21D600C216A8 /* Base */ = {isa = PBXFileReference; lastKnownFileType = file.storyboard; name = Base; path = Base.lproj/Main.storyboard; sourceTree = "<group>"; };
		F95E43E8243B21D600C216A8 /* Info.plist */ = {isa = PBXFileReference; lastKnownFileType = text.plist.xml; path = Info.plist; sourceTree = "<group>"; };
		F95E43E9243B21D600C216A8 /* AmazonRealInventoryManagement.entitlements */ = {isa = PBXFileReference; lastKnownFileType = text.plist.entitlements; path = AmazonRealInventoryManagement.entitlements; sourceTree = "<group>"; };
		F962B9AA243B5D3C00E826F2 /* Inventory.swift */ = {isa = PBXFileReference; lastKnownFileType = sourcecode.swift; path = Inventory.swift; sourceTree = "<group>"; };
/* End PBXFileReference section */

/* Begin PBXFrameworksBuildPhase section */
		F95E43D6243B21D200C216A8 /* Frameworks */ = {
			isa = PBXFrameworksBuildPhase;
			buildActionMask = 2147483647;
			files = (
			);
			runOnlyForDeploymentPostprocessing = 0;
		};
/* End PBXFrameworksBuildPhase section */

/* Begin PBXGroup section */
		F95E43D0243B21D200C216A8 = {
			isa = PBXGroup;
			children = (
				F95E43DB243B21D200C216A8 /* AmazonRealInventoryManagement */,
				F95E43DA243B21D200C216A8 /* Products */,
			);
			sourceTree = "<group>";
		};
		F95E43DA243B21D200C216A8 /* Products */ = {
			isa = PBXGroup;
			children = (
				F95E43D9243B21D200C216A8 /* AmazonRealInventoryManagement.app */,
			);
			name = Products;
			sourceTree = "<group>";
		};
		F95E43DB243B21D200C216A8 /* AmazonRealInventoryManagement */ = {
			isa = PBXGroup;
			children = (
				F95E43DC243B21D200C216A8 /* AppDelegate.swift */,
				F95E43DE243B21D200C216A8 /* AmazonRealInventoryManagement.swift */,
				F962B9AA243B5D3C00E826F2 /* Inventory.swift */,
				F95E43E3243B21D600C216A8 /* Assets.xcassets */,
				F95E43E5243B21D600C216A8 /* Main.storyboard */,
				F95E43E8243B21D600C216A8 /* Info.plist */,
				F95E43E9243B21D600C216A8 /* AmazonRealInventoryManagement.entitlements */,
				F95E43E0243B21D200C216A8 /* AmazonRealInventoryManagement.xcdatamodeld */,
			);
			path = AmazonRealInventoryManagement;
			sourceTree = "<group>";
		};
/* End PBXGroup section */

/* Begin PBXNativeTarget section */
		F95E43D8243B21D200C216A8 /* AmazonRealInventoryManagement */ = {
			isa = PBXNativeTarget;
			buildConfigurationList = F95E43EC243B21D600C216A8 /* Build configuration list for PBXNativeTarget "AmazonRealInventoryManagement" */;
			buildPhases = (
				F95E43D5243B21D200C216A8 /* Sources */,
				F95E43D6243B21D200C216A8 /* Frameworks */,
				F95E43D7243B21D200C216A8 /* Resources */,
			);
			buildRules = (
			);
			dependencies = (
			);
			name = AmazonRealInventoryManagement;
			productName = AmazonRealInventoryManagement;
			productReference = F95E43D9243B21D200C216A8 /* AmazonRealInventoryManagement.app */;
			productType = "com.apple.product-type.application";
		};
/* End PBXNativeTarget section */

/* Begin PBXProject section */
		F95E43D1243B21D200C216A8 /* Project object */ = {
			isa = PBXProject;
			attributes = {
				LastSwiftUpdateCheck = 1130;
				LastUpgradeCheck = 1130;
				ORGANIZATIONNAME = Lezardvaleth;
				TargetAttributes = {
					F95E43D8243B21D200C216A8 = {
						CreatedOnToolsVersion = 11.3.1;
					};
				};
			};
			buildConfigurationList = F95E43D4243B21D200C216A8 /* Build configuration list for PBXProject "AmazonRealInventoryManagement" */;
			compatibilityVersion = "Xcode 9.3";
			developmentRegion = en;
			hasScannedForEncodings = 0;
			knownRegions = (
				en,
				Base,
			);
			mainGroup = F95E43D0243B21D200C216A8;
			productRefGroup = F95E43DA243B21D200C216A8 /* Products */;
			projectDirPath = "";
			projectRoot = "";
			targets = (
				F95E43D8243B21D200C216A8 /* AmazonRealInventoryManagement */,
			);
		};
/* End PBXProject section */

/* Begin PBXResourcesBuildPhase section */
		F95E43D7243B21D200C216A8 /* Resources */ = {
			isa = PBXResourcesBuildPhase;
			buildActionMask = 2147483647;
			files = (
				F95E43E4243B21D600C216A8 /* Assets.xcassets in Resources */,
				F95E43E7243B21D600C216A8 /* Main.storyboard in Resources */,
			);
			runOnlyForDeploymentPostprocessing = 0;
		};
/* End PBXResourcesBuildPhase section */

/* Begin PBXSourcesBuildPhase section */
		F95E43D5243B21D200C216A8 /* Sources */ = {
			isa = PBXSourcesBuildPhase;
			buildActionMask = 2147483647;
			files = (
				F95E43E2243B21D200C216A8 /* AmazonRealInventoryManagement.xcdatamodeld in Sources */,
				F962B9AB243B5D3C00E826F2 /* Inventory.swift in Sources */,
				F95E43DF243B21D200C216A8 /* AmazonRealInventoryManagement.swift in Sources */,
				F95E43DD243B21D200C216A8 /* AppDelegate.swift in Sources */,
			);
			runOnlyForDeploymentPostprocessing = 0;
		};
/* End PBXSourcesBuildPhase section */

/* Begin PBXVariantGroup section */
		F95E43E5243B21D600C216A8 /* Main.storyboard */ = {
			isa = PBXVariantGroup;
			children = (
				F95E43E6243B21D600C216A8 /* Base */,
			);
			name = Main.storyboard;
			sourceTree = "<group>";
		};
/* End PBXVariantGroup section */

/* Begin XCBuildConfiguration section */
		F95E43EA243B21D600C216A8 /* Debug */ = {
			isa = XCBuildConfiguration;
			buildSettings = {
				ALWAYS_SEARCH_USER_PATHS = NO;
				CLANG_ANALYZER_NONNULL = YES;
				CLANG_ANALYZER_NUMBER_OBJECT_CONVERSION = YES_AGGRESSIVE;
				CLANG_CXX_LANGUAGE_STANDARD = "gnu++14";
				CLANG_CXX_LIBRARY = "libc++";
				CLANG_ENABLE_MODULES = YES;
				CLANG_ENABLE_OBJC_ARC = YES;
				CLANG_ENABLE_OBJC_WEAK = YES;
				CLANG_WARN_BLOCK_CAPTURE_AUTORELEASING = YES;
				CLANG_WARN_BOOL_CONVERSION = YES;
				CLANG_WARN_COMMA = YES;
				CLANG_WARN_CONSTANT_CONVERSION = YES;
				CLANG_WARN_DEPRECATED_OBJC_IMPLEMENTATIONS = YES;
				CLANG_WARN_DIRECT_OBJC_ISA_USAGE = YES_ERROR;
				CLANG_WARN_DOCUMENTATION_COMMENTS = YES;
				CLANG_WARN_EMPTY_BODY = YES;
				CLANG_WARN_ENUM_CONVERSION = YES;
				CLANG_WARN_INFINITE_RECURSION = YES;
				CLANG_WARN_INT_CONVERSION = YES;
				CLANG_WARN_NON_LITERAL_NULL_CONVERSION = YES;
				CLANG_WARN_OBJC_IMPLICIT_RETAIN_SELF = YES;
				CLANG_WARN_OBJC_LITERAL_CONVERSION = YES;
				CLANG_WARN_OBJC_ROOT_CLASS = YES_ERROR;
				CLANG_WARN_RANGE_LOOP_ANALYSIS = YES;
				CLANG_WARN_STRICT_PROTOTYPES = YES;
				CLANG_WARN_SUSPICIOUS_MOVE = YES;
				CLANG_WARN_UNGUARDED_AVAILABILITY = YES_AGGRESSIVE;
				CLANG_WARN_UNREACHABLE_CODE = YES;
				CLANG_WARN__DUPLICATE_METHOD_MATCH = YES;
				COPY_PHASE_STRIP = NO;
				DEBUG_INFORMATION_FORMAT = dwarf;
				ENABLE_STRICT_OBJC_MSGSEND = YES;
				ENABLE_TESTABILITY = YES;
				GCC_C_LANGUAGE_STANDARD = gnu11;
				GCC_DYNAMIC_NO_PIC = NO;
				GCC_NO_COMMON_BLOCKS = YES;
				GCC_OPTIMIZATION_LEVEL = 0;
				GCC_PREPROCESSOR_DEFINITIONS = (
					"DEBUG=1",
					"$(inherited)",
				);
				GCC_WARN_64_TO_32_BIT_CONVERSION = YES;
				GCC_WARN_ABOUT_RETURN_TYPE = YES_ERROR;
				GCC_WARN_UNDECLARED_SELECTOR = YES;
				GCC_WARN_UNINITIALIZED_AUTOS = YES_AGGRESSIVE;
				GCC_WARN_UNUSED_FUNCTION = YES;
				GCC_WARN_UNUSED_VARIABLE = YES;
				MACOSX_DEPLOYMENT_TARGET = 10.15;
				MTL_ENABLE_DEBUG_INFO = INCLUDE_SOURCE;
				MTL_FAST_MATH = YES;
				ONLY_ACTIVE_ARCH = YES;
				SDKROOT = macosx;
				SWIFT_ACTIVE_COMPILATION_CONDITIONS = DEBUG;
				SWIFT_OPTIMIZATION_LEVEL = "-Onone";
			};
			name = Debug;
		};
		F95E43EB243B21D600C216A8 /* Release */ = {
			isa = XCBuildConfiguration;
			buildSettings = {
				ALWAYS_SEARCH_USER_PATHS = NO;
				CLANG_ANALYZER_NONNULL = YES;
				CLANG_ANALYZER_NUMBER_OBJECT_CONVERSION = YES_AGGRESSIVE;
				CLANG_CXX_LANGUAGE_STANDARD = "gnu++14";
				CLANG_CXX_LIBRARY = "libc++";
				CLANG_ENABLE_MODULES = YES;
				CLANG_ENABLE_OBJC_ARC = YES;
				CLANG_ENABLE_OBJC_WEAK = YES;
				CLANG_WARN_BLOCK_CAPTURE_AUTORELEASING = YES;
				CLANG_WARN_BOOL_CONVERSION = YES;
				CLANG_WARN_COMMA = YES;
				CLANG_WARN_CONSTANT_CONVERSION = YES;
				CLANG_WARN_DEPRECATED_OBJC_IMPLEMENTATIONS = YES;
				CLANG_WARN_DIRECT_OBJC_ISA_USAGE = YES_ERROR;
				CLANG_WARN_DOCUMENTATION_COMMENTS = YES;
				CLANG_WARN_EMPTY_BODY = YES;
				CLANG_WARN_ENUM_CONVERSION = YES;
				CLANG_WARN_INFINITE_RECURSION = YES;
				CLANG_WARN_INT_CONVERSION = YES;
				CLANG_WARN_NON_LITERAL_NULL_CONVERSION = YES;
				CLANG_WARN_OBJC_IMPLICIT_RETAIN_SELF = YES;
				CLANG_WARN_OBJC_LITERAL_CONVERSION = YES;
				CLANG_WARN_OBJC_ROOT_CLASS = YES_ERROR;
				CLANG_WARN_RANGE_LOOP_ANALYSIS = YES;
				CLANG_WARN_STRICT_PROTOTYPES = YES;
				CLANG_WARN_SUSPICIOUS_MOVE = YES;
				CLANG_WARN_UNGUARDED_AVAILABILITY = YES_AGGRESSIVE;
				CLANG_WARN_UNREACHABLE_CODE = YES;
				CLANG_WARN__DUPLICATE_METHOD_MATCH = YES;
				COPY_PHASE_STRIP = NO;
				DEBUG_INFORMATION_FORMAT = "dwarf-with-dsym";
				ENABLE_NS_ASSERTIONS = NO;
				ENABLE_STRICT_OBJC_MSGSEND = YES;
				GCC_C_LANGUAGE_STANDARD = gnu11;
				GCC_NO_COMMON_BLOCKS = YES;
				GCC_WARN_64_TO_32_BIT_CONVERSION = YES;
				GCC_WARN_ABOUT_RETURN_TYPE = YES_ERROR;
				GCC_WARN_UNDECLARED_SELECTOR = YES;
				GCC_WARN_UNINITIALIZED_AUTOS = YES_AGGRESSIVE;
				GCC_WARN_UNUSED_FUNCTION = YES;
				GCC_WARN_UNUSED_VARIABLE = YES;
				MACOSX_DEPLOYMENT_TARGET = 10.15;
				MTL_ENABLE_DEBUG_INFO = NO;
				MTL_FAST_MATH = YES;
				SDKROOT = macosx;
				SWIFT_COMPILATION_MODE = wholemodule;
				SWIFT_OPTIMIZATION_LEVEL = "-O";
			};
			name = Release;
		};
		F95E43ED243B21D600C216A8 /* Debug */ = {
			isa = XCBuildConfiguration;
			buildSettings = {
				ASSETCATALOG_COMPILER_APPICON_NAME = AppIcon;
				CODE_SIGN_ENTITLEMENTS = AmazonRealInventoryManagement/AmazonRealInventoryManagement.entitlements;
				CODE_SIGN_STYLE = Automatic;
				COMBINE_HIDPI_IMAGES = YES;
				DEVELOPMENT_TEAM = AV64Q6NXM9;
				ENABLE_HARDENED_RUNTIME = YES;
				INFOPLIST_FILE = AmazonRealInventoryManagement/Info.plist;
				LD_RUNPATH_SEARCH_PATHS = (
					"$(inherited)",
					"@executable_path/../Frameworks",
				);
				PRODUCT_BUNDLE_IDENTIFIER = Lezardvaleth.AmazonRealInventoryManagement;
				PRODUCT_NAME = "$(TARGET_NAME)";
				SWIFT_VERSION = 5.0;
			};
			name = Debug;
		};
		F95E43EE243B21D600C216A8 /* Release */ = {
			isa = XCBuildConfiguration;
			buildSettings = {
				ASSETCATALOG_COMPILER_APPICON_NAME = AppIcon;
				CODE_SIGN_ENTITLEMENTS = AmazonRealInventoryManagement/AmazonRealInventoryManagement.entitlements;
				CODE_SIGN_STYLE = Automatic;
				COMBINE_HIDPI_IMAGES = YES;
				DEVELOPMENT_TEAM = AV64Q6NXM9;
				ENABLE_HARDENED_RUNTIME = YES;
				INFOPLIST_FILE = AmazonRealInventoryManagement/Info.plist;
				LD_RUNPATH_SEARCH_PATHS = (
					"$(inherited)",
					"@executable_path/../Frameworks",
				);
				PRODUCT_BUNDLE_IDENTIFIER = Lezardvaleth.AmazonRealInventoryManagement;
				PRODUCT_NAME = "$(TARGET_NAME)";
				SWIFT_VERSION = 5.0;
			};
			name = Release;
		};
/* End XCBuildConfiguration section */

/* Begin XCConfigurationList section */
		F95E43D4243B21D200C216A8 /* Build configuration list for PBXProject "AmazonRealInventoryManagement" */ = {
			isa = XCConfigurationList;
			buildConfigurations = (
				F95E43EA243B21D600C216A8 /* Debug */,
				F95E43EB243B21D600C216A8 /* Release */,
			);
			defaultConfigurationIsVisible = 0;
			defaultConfigurationName = Release;
		};
		F95E43EC243B21D600C216A8 /* Build configuration list for PBXNativeTarget "AmazonRealInventoryManagement" */ = {
			isa = XCConfigurationList;
			buildConfigurations = (
				F95E43ED243B21D600C216A8 /* Debug */,
				F95E43EE243B21D600C216A8 /* Release */,
			);
			defaultConfigurationIsVisible = 0;
			defaultConfigurationName = Release;
		};
/* End XCConfigurationList section */

/* Begin XCVersionGroup section */
		F95E43E0243B21D200C216A8 /* AmazonRealInventoryManagement.xcdatamodeld */ = {
			isa = XCVersionGroup;
			children = (
				F95E43E1243B21D200C216A8 /* AmazonRealInventoryManagement.xcdatamodel */,
			);
			currentVersion = F95E43E1243B21D200C216A8 /* AmazonRealInventoryManagement.xcdatamodel */;
			path = AmazonRealInventoryManagement.xcdatamodeld;
			sourceTree = "<group>";
			versionGroupType = wrapper.xcdatamodel;
		};
/* End XCVersionGroup section */
	};
	rootObject = F95E43D1243B21D200C216A8 /* Project object */;
}
